
Microsoft Visual Studio Solution File, Format Version 12.00
# Visual Studio Version 17
VisualStudioVersion = 17.14.36301.6 d17.14
MinimumVisualStudioVersion = 10.0.40219.1
Project("{FAE04EC0-301F-11D3-BF4B-00C04F79EFBC}") = "adv c# 3", "adv c# 3\adv c# 3.csproj", "{66BFF7DA-FC64-49BB-A2A8-599C95B7364D}"
EndProject
Global
	GlobalSection(SolutionConfigurationPlatforms) = preSolution
		Debug|Any CPU = Debug|Any CPU
		Release|Any CPU = Release|Any CPU
	EndGlobalSection
	GlobalSection(ProjectConfigurationPlatforms) = postSolution
		{66BFF7DA-FC64-49BB-A2A8-599C95B7364D}.Debug|Any CPU.ActiveCfg = Debug|Any CPU
		{66BFF7DA-FC64-49BB-A2A8-599C95B7364D}.Debug|Any CPU.Build.0 = Debug|Any CPU
		{66BFF7DA-FC64-49BB-A2A8-599C95B7364D}.Release|Any CPU.ActiveCfg = Release|Any CPU
		{66BFF7DA-FC64-49BB-A2A8-599C95B7364D}.Release|Any CPU.Build.0 = Release|Any CPU
	EndGlobalSection
	GlobalSection(SolutionProperties) = preSolution
		HideSolutionNode = FALSE
	EndGlobalSection
	GlobalSection(ExtensibilityGlobals) = postSolution
		SolutionGuid = {142356E3-C0D4-4C9C-8FAF-CC8438B897CA}
	EndGlobalSection
EndGlobal
